// !$*UTF8*$!
{
	archiveVersion = 1;
	classes = {
	};
	objectVersion = 56;
	objects = {

/* Begin PBXBuildFile section */
		23822A232AFBAB15001961C9 /* AppDelegate.swift in Sources */ = {isa = PBXBuildFile; fileRef = 23822A222AFBAB15001961C9 /* AppDelegate.swift */; };
		23822A252AFBAB15001961C9 /* SceneDelegate.swift in Sources */ = {isa = PBXBuildFile; fileRef = 23822A242AFBAB15001961C9 /* SceneDelegate.swift */; };
		23822A272AFBAB15001961C9 /* ViewController.swift in Sources */ = {isa = PBXBuildFile; fileRef = 23822A262AFBAB15001961C9 /* ViewController.swift */; };
		23822A2A2AFBAB15001961C9 /* Main.storyboard in Resources */ = {isa = PBXBuildFile; fileRef = 23822A282AFBAB15001961C9 /* Main.storyboard */; };
		23822A2C2AFBAB16001961C9 /* Assets.xcassets in Resources */ = {isa = PBXBuildFile; fileRef = 23822A2B2AFBAB16001961C9 /* Assets.xcassets */; };
		23822A2F2AFBAB16001961C9 /* LaunchScreen.storyboard in Resources */ = {isa = PBXBuildFile; fileRef = 23822A2D2AFBAB16001961C9 /* LaunchScreen.storyboard */; };
		23822A3A2AFBAB16001961C9 /* MoviesListingAppTests.swift in Sources */ = {isa = PBXBuildFile; fileRef = 23822A392AFBAB16001961C9 /* MoviesListingAppTests.swift */; };
		23822A442AFBAB16001961C9 /* MoviesListingAppUITests.swift in Sources */ = {isa = PBXBuildFile; fileRef = 23822A432AFBAB16001961C9 /* MoviesListingAppUITests.swift */; };
		23822A462AFBAB16001961C9 /* MoviesListingAppUITestsLaunchTests.swift in Sources */ = {isa = PBXBuildFile; fileRef = 23822A452AFBAB16001961C9 /* MoviesListingAppUITestsLaunchTests.swift */; };
		23822A532AFBAB30001961C9 /* MoviesCollectionViewCell.swift in Sources */ = {isa = PBXBuildFile; fileRef = 23822A522AFBAB30001961C9 /* MoviesCollectionViewCell.swift */; };
		23822A552AFBAB99001961C9 /* Movie.swift in Sources */ = {isa = PBXBuildFile; fileRef = 23822A542AFBAB99001961C9 /* Movie.swift */; };
		23FFA88B2AFBB07D00F534A2 /* MoviesApiManager.swift in Sources */ = {isa = PBXBuildFile; fileRef = 23FFA88A2AFBB07D00F534A2 /* MoviesApiManager.swift */; };
		23FFA88D2AFBB28F00F534A2 /* MoviesViewModel.swift in Sources */ = {isa = PBXBuildFile; fileRef = 23FFA88C2AFBB28E00F534A2 /* MoviesViewModel.swift */; };
/* End PBXBuildFile section */

/* Begin PBXContainerItemProxy section */
		23822A362AFBAB16001961C9 /* PBXContainerItemProxy */ = {
			isa = PBXContainerItemProxy;
			containerPortal = 23822A172AFBAB15001961C9 /* Project object */;
			proxyType = 1;
			remoteGlobalIDString = 23822A1E2AFBAB15001961C9;
			remoteInfo = MoviesListingApp;
		};
		23822A402AFBAB16001961C9 /* PBXContainerItemProxy */ = {
			isa = PBXContainerItemProxy;
			containerPortal = 23822A172AFBAB15001961C9 /* Project object */;
			proxyType = 1;
			remoteGlobalIDString = 23822A1E2AFBAB15001961C9;
			remoteInfo = MoviesListingApp;
		};
/* End PBXContainerItemProxy section */

/* Begin PBXFileReference section */
		23822A1F2AFBAB15001961C9 /* MoviesListingApp.app */ = {isa = PBXFileReference; explicitFileType = wrapper.application; includeInIndex = 0; path = MoviesListingApp.app; sourceTree = BUILT_PRODUCTS_DIR; };
		23822A222AFBAB15001961C9 /* AppDelegate.swift */ = {isa = PBXFileReference; lastKnownFileType = sourcecode.swift; path = AppDelegate.swift; sourceTree = "<group>"; };
		23822A242AFBAB15001961C9 /* SceneDelegate.swift */ = {isa = PBXFileReference; lastKnownFileType = sourcecode.swift; path = SceneDelegate.swift; sourceTree = "<group>"; };
		23822A262AFBAB15001961C9 /* ViewController.swift */ = {isa = PBXFileReference; lastKnownFileType = sourcecode.swift; path = ViewController.swift; sourceTree = "<group>"; };
		23822A292AFBAB15001961C9 /* Base */ = {isa = PBXFileReference; lastKnownFileType = file.storyboard; name = Base; path = Base.lproj/Main.storyboard; sourceTree = "<group>"; };
		23822A2B2AFBAB16001961C9 /* Assets.xcassets */ = {isa = PBXFileReference; lastKnownFileType = folder.assetcatalog; path = Assets.xcassets; sourceTree = "<group>"; };
		23822A2E2AFBAB16001961C9 /* Base */ = {isa = PBXFileReference; lastKnownFileType = file.storyboard; name = Base; path = Base.lproj/LaunchScreen.storyboard; sourceTree = "<group>"; };
		23822A302AFBAB16001961C9 /* Info.plist */ = {isa = PBXFileReference; lastKnownFileType = text.plist.xml; path = Info.plist; sourceTree = "<group>"; };
		23822A352AFBAB16001961C9 /* MoviesListingAppTests.xctest */ = {isa = PBXFileReference; explicitFileType = wrapper.cfbundle; includeInIndex = 0; path = MoviesListingAppTests.xctest; sourceTree = BUILT_PRODUCTS_DIR; };
		23822A392AFBAB16001961C9 /* MoviesListingAppTests.swift */ = {isa = PBXFileReference; lastKnownFileType = sourcecode.swift; path = MoviesListingAppTests.swift; sourceTree = "<group>"; };
		23822A3F2AFBAB16001961C9 /* MoviesListingAppUITests.xctest */ = {isa = PBXFileReference; explicitFileType = wrapper.cfbundle; includeInIndex = 0; path = MoviesListingAppUITests.xctest; sourceTree = BUILT_PRODUCTS_DIR; };
		23822A432AFBAB16001961C9 /* MoviesListingAppUITests.swift */ = {isa = PBXFileReference; lastKnownFileType = sourcecode.swift; path = MoviesListingAppUITests.swift; sourceTree = "<group>"; };
		23822A452AFBAB16001961C9 /* MoviesListingAppUITestsLaunchTests.swift */ = {isa = PBXFileReference; lastKnownFileType = sourcecode.swift; path = MoviesListingAppUITestsLaunchTests.swift; sourceTree = "<group>"; };
		23822A522AFBAB30001961C9 /* MoviesCollectionViewCell.swift */ = {isa = PBXFileReference; lastKnownFileType = sourcecode.swift; path = MoviesCollectionViewCell.swift; sourceTree = "<group>"; };
		23822A542AFBAB99001961C9 /* Movie.swift */ = {isa = PBXFileReference; lastKnownFileType = sourcecode.swift; path = Movie.swift; sourceTree = "<group>"; };
		23FFA88A2AFBB07D00F534A2 /* MoviesApiManager.swift */ = {isa = PBXFileReference; lastKnownFileType = sourcecode.swift; path = MoviesApiManager.swift; sourceTree = "<group>"; };
		23FFA88C2AFBB28E00F534A2 /* MoviesViewModel.swift */ = {isa = PBXFileReference; lastKnownFileType = sourcecode.swift; path = MoviesViewModel.swift; sourceTree = "<group>"; };
/* End PBXFileReference section */

/* Begin PBXFrameworksBuildPhase section */
		23822A1C2AFBAB15001961C9 /* Frameworks */ = {
			isa = PBXFrameworksBuildPhase;
			buildActionMask = 2147483647;
			files = (
			);
			runOnlyForDeploymentPostprocessing = 0;
		};
		23822A322AFBAB16001961C9 /* Frameworks */ = {
			isa = PBXFrameworksBuildPhase;
			buildActionMask = 2147483647;
			files = (
			);
			runOnlyForDeploymentPostprocessing = 0;
		};
		23822A3C2AFBAB16001961C9 /* Frameworks */ = {
			isa = PBXFrameworksBuildPhase;
			buildActionMask = 2147483647;
			files = (
			);
			runOnlyForDeploymentPostprocessing = 0;
		};
/* End PBXFrameworksBuildPhase section */

/* Begin PBXGroup section */
		23822A162AFBAB15001961C9 = {
			isa = PBXGroup;
			children = (
				23822A212AFBAB15001961C9 /* MoviesListingApp */,
				23822A382AFBAB16001961C9 /* MoviesListingAppTests */,
				23822A422AFBAB16001961C9 /* MoviesListingAppUITests */,
				23822A202AFBAB15001961C9 /* Products */,
			);
			sourceTree = "<group>";
		};
		23822A202AFBAB15001961C9 /* Products */ = {
			isa = PBXGroup;
			children = (
				23822A1F2AFBAB15001961C9 /* MoviesListingApp.app */,
				23822A352AFBAB16001961C9 /* MoviesListingAppTests.xctest */,
				23822A3F2AFBAB16001961C9 /* MoviesListingAppUITests.xctest */,
			);
			name = Products;
			sourceTree = "<group>";
		};
		23822A212AFBAB15001961C9 /* MoviesListingApp */ = {
			isa = PBXGroup;
			children = (
				23822A222AFBAB15001961C9 /* AppDelegate.swift */,
				23822A242AFBAB15001961C9 /* SceneDelegate.swift */,
				23822A282AFBAB15001961C9 /* Main.storyboard */,
				23822A2B2AFBAB16001961C9 /* Assets.xcassets */,
				23822A2D2AFBAB16001961C9 /* LaunchScreen.storyboard */,
				23822A302AFBAB16001961C9 /* Info.plist */,
				23FFA8862AFBAF5800F534A2 /* Model */,
				23FFA8892AFBAF8B00F534A2 /* WebService */,
				23FFA8882AFBAF8500F534A2 /* ViewModel */,
				23FFA8872AFBAF7700F534A2 /* View */,
			);
			path = MoviesListingApp;
			sourceTree = "<group>";
		};
		23822A382AFBAB16001961C9 /* MoviesListingAppTests */ = {
			isa = PBXGroup;
			children = (
				23822A392AFBAB16001961C9 /* MoviesListingAppTests.swift */,
			);
			path = MoviesListingAppTests;
			sourceTree = "<group>";
		};
		23822A422AFBAB16001961C9 /* MoviesListingAppUITests */ = {
			isa = PBXGroup;
			children = (
				23822A432AFBAB16001961C9 /* MoviesListingAppUITests.swift */,
				23822A452AFBAB16001961C9 /* MoviesListingAppUITestsLaunchTests.swift */,
			);
			path = MoviesListingAppUITests;
			sourceTree = "<group>";
		};
		23FFA8862AFBAF5800F534A2 /* Model */ = {
			isa = PBXGroup;
			children = (
				23822A542AFBAB99001961C9 /* Movie.swift */,
			);
			path = Model;
			sourceTree = "<group>";
		};
		23FFA8872AFBAF7700F534A2 /* View */ = {
			isa = PBXGroup;
			children = (
				23822A262AFBAB15001961C9 /* ViewController.swift */,
				23822A522AFBAB30001961C9 /* MoviesCollectionViewCell.swift */,
			);
			path = View;
			sourceTree = "<group>";
		};
		23FFA8882AFBAF8500F534A2 /* ViewModel */ = {
			isa = PBXGroup;
			children = (
				23FFA88C2AFBB28E00F534A2 /* MoviesViewModel.swift */,
			);
			path = ViewModel;
			sourceTree = "<group>";
		};
		23FFA8892AFBAF8B00F534A2 /* WebService */ = {
			isa = PBXGroup;
			children = (
				23FFA88A2AFBB07D00F534A2 /* MoviesApiManager.swift */,
			);
			path = WebService;
			sourceTree = "<group>";
		};
/* End PBXGroup section */

/* Begin PBXNativeTarget section */
		23822A1E2AFBAB15001961C9 /* MoviesListingApp */ = {
			isa = PBXNativeTarget;
			buildConfigurationList = 23822A492AFBAB16001961C9 /* Build configuration list for PBXNativeTarget "MoviesListingApp" */;
			buildPhases = (
				23822A1B2AFBAB15001961C9 /* Sources */,
				23822A1C2AFBAB15001961C9 /* Frameworks */,
				23822A1D2AFBAB15001961C9 /* Resources */,
			);
			buildRules = (
			);
			dependencies = (
			);
			name = MoviesListingApp;
			productName = MoviesListingApp;
			productReference = 23822A1F2AFBAB15001961C9 /* MoviesListingApp.app */;
			productType = "com.apple.product-type.application";
		};
		23822A342AFBAB16001961C9 /* MoviesListingAppTests */ = {
			isa = PBXNativeTarget;
			buildConfigurationList = 23822A4C2AFBAB16001961C9 /* Build configuration list for PBXNativeTarget "MoviesListingAppTests" */;
			buildPhases = (
				23822A312AFBAB16001961C9 /* Sources */,
				23822A322AFBAB16001961C9 /* Frameworks */,
				23822A332AFBAB16001961C9 /* Resources */,
			);
			buildRules = (
			);
			dependencies = (
				23822A372AFBAB16001961C9 /* PBXTargetDependency */,
			);
			name = MoviesListingAppTests;
			productName = MoviesListingAppTests;
			productReference = 23822A352AFBAB16001961C9 /* MoviesListingAppTests.xctest */;
			productType = "com.apple.product-type.bundle.unit-test";
		};
		23822A3E2AFBAB16001961C9 /* MoviesListingAppUITests */ = {
			isa = PBXNativeTarget;
			buildConfigurationList = 23822A4F2AFBAB16001961C9 /* Build configuration list for PBXNativeTarget "MoviesListingAppUITests" */;
			buildPhases = (
				23822A3B2AFBAB16001961C9 /* Sources */,
				23822A3C2AFBAB16001961C9 /* Frameworks */,
				23822A3D2AFBAB16001961C9 /* Resources */,
			);
			buildRules = (
			);
			dependencies = (
				23822A412AFBAB16001961C9 /* PBXTargetDependency */,
			);
			name = MoviesListingAppUITests;
			productName = MoviesListingAppUITests;
			productReference = 23822A3F2AFBAB16001961C9 /* MoviesListingAppUITests.xctest */;
			productType = "com.apple.product-type.bundle.ui-testing";
		};
/* End PBXNativeTarget section */

/* Begin PBXProject section */
		23822A172AFBAB15001961C9 /* Project object */ = {
			isa = PBXProject;
			attributes = {
				BuildIndependentTargetsInParallel = 1;
				LastSwiftUpdateCheck = 1430;
				LastUpgradeCheck = 1430;
				TargetAttributes = {
					23822A1E2AFBAB15001961C9 = {
						CreatedOnToolsVersion = 14.3.1;
					};
					23822A342AFBAB16001961C9 = {
						CreatedOnToolsVersion = 14.3.1;
						TestTargetID = 23822A1E2AFBAB15001961C9;
					};
					23822A3E2AFBAB16001961C9 = {
						CreatedOnToolsVersion = 14.3.1;
						TestTargetID = 23822A1E2AFBAB15001961C9;
					};
				};
			};
			buildConfigurationList = 23822A1A2AFBAB15001961C9 /* Build configuration list for PBXProject "MoviesListingApp" */;
			compatibilityVersion = "Xcode 14.0";
			developmentRegion = en;
			hasScannedForEncodings = 0;
			knownRegions = (
				en,
				Base,
			);
			mainGroup = 23822A162AFBAB15001961C9;
			productRefGroup = 23822A202AFBAB15001961C9 /* Products */;
			projectDirPath = "";
			projectRoot = "";
			targets = (
				23822A1E2AFBAB15001961C9 /* MoviesListingApp */,
				23822A342AFBAB16001961C9 /* MoviesListingAppTests */,
				23822A3E2AFBAB16001961C9 /* MoviesListingAppUITests */,
			);
		};
/* End PBXProject section */

/* Begin PBXResourcesBuildPhase section */
		23822A1D2AFBAB15001961C9 /* Resources */ = {
			isa = PBXResourcesBuildPhase;
			buildActionMask = 2147483647;
			files = (
				23822A2F2AFBAB16001961C9 /* LaunchScreen.storyboard in Resources */,
				23822A2C2AFBAB16001961C9 /* Assets.xcassets in Resources */,
				23822A2A2AFBAB15001961C9 /* Main.storyboard in Resources */,
			);
			runOnlyForDeploymentPostprocessing = 0;
		};
		23822A332AFBAB16001961C9 /* Resources */ = {
			isa = PBXResourcesBuildPhase;
			buildActionMask = 2147483647;
			files = (
			);
			runOnlyForDeploymentPostprocessing = 0;
		};
		23822A3D2AFBAB16001961C9 /* Resources */ = {
			isa = PBXResourcesBuildPhase;
			buildActionMask = 2147483647;
			files = (
			);
			runOnlyForDeploymentPostprocessing = 0;
		};
/* End PBXResourcesBuildPhase section */

/* Begin PBXSourcesBuildPhase section */
		23822A1B2AFBAB15001961C9 /* Sources */ = {
			isa = PBXSourcesBuildPhase;
			buildActionMask = 2147483647;
			files = (
				23822A272AFBAB15001961C9 /* ViewController.swift in Sources */,
				23822A232AFBAB15001961C9 /* AppDelegate.swift in Sources */,
				23822A252AFBAB15001961C9 /* SceneDelegate.swift in Sources */,
				23822A532AFBAB30001961C9 /* MoviesCollectionViewCell.swift in Sources */,
				23FFA88D2AFBB28F00F534A2 /* MoviesViewModel.swift in Sources */,
				23822A552AFBAB99001961C9 /* Movie.swift in Sources */,
				23FFA88B2AFBB07D00F534A2 /* MoviesApiManager.swift in Sources */,
			);
			runOnlyForDeploymentPostprocessing = 0;
		};
		23822A312AFBAB16001961C9 /* Sources */ = {
			isa = PBXSourcesBuildPhase;
			buildActionMask = 2147483647;
			files = (
				23822A3A2AFBAB16001961C9 /* MoviesListingAppTests.swift in Sources */,
			);
			runOnlyForDeploymentPostprocessing = 0;
		};
		23822A3B2AFBAB16001961C9 /* Sources */ = {
			isa = PBXSourcesBuildPhase;
			buildActionMask = 2147483647;
			files = (
				23822A462AFBAB16001961C9 /* MoviesListingAppUITestsLaunchTests.swift in Sources */,
				23822A442AFBAB16001961C9 /* MoviesListingAppUITests.swift in Sources */,
			);
			runOnlyForDeploymentPostprocessing = 0;
		};
/* End PBXSourcesBuildPhase section */

/* Begin PBXTargetDependency section */
		23822A372AFBAB16001961C9 /* PBXTargetDependency */ = {
			isa = PBXTargetDependency;
			target = 23822A1E2AFBAB15001961C9 /* MoviesListingApp */;
			targetProxy = 23822A362AFBAB16001961C9 /* PBXContainerItemProxy */;
		};
		23822A412AFBAB16001961C9 /* PBXTargetDependency */ = {
			isa = PBXTargetDependency;
			target = 23822A1E2AFBAB15001961C9 /* MoviesListingApp */;
			targetProxy = 23822A402AFBAB16001961C9 /* PBXContainerItemProxy */;
		};
/* End PBXTargetDependency section */

/* Begin PBXVariantGroup section */
		23822A282AFBAB15001961C9 /* Main.storyboard */ = {
			isa = PBXVariantGroup;
			children = (
				23822A292AFBAB15001961C9 /* Base */,
			);
			name = Main.storyboard;
			sourceTree = "<group>";
		};
		23822A2D2AFBAB16001961C9 /* LaunchScreen.storyboard */ = {
			isa = PBXVariantGroup;
			children = (
				23822A2E2AFBAB16001961C9 /* Base */,
			);
			name = LaunchScreen.storyboard;
			sourceTree = "<group>";
		};
/* End PBXVariantGroup section */

/* Begin XCBuildConfiguration section */
		23822A472AFBAB16001961C9 /* Debug */ = {
			isa = XCBuildConfiguration;
			buildSettings = {
				ALWAYS_SEARCH_USER_PATHS = NO;
				CLANG_ANALYZER_NONNULL = YES;
				CLANG_ANALYZER_NUMBER_OBJECT_CONVERSION = YES_AGGRESSIVE;
				CLANG_CXX_LANGUAGE_STANDARD = "gnu++20";
				CLANG_ENABLE_MODULES = YES;
				CLANG_ENABLE_OBJC_ARC = YES;
				CLANG_ENABLE_OBJC_WEAK = YES;
				CLANG_WARN_BLOCK_CAPTURE_AUTORELEASING = YES;
				CLANG_WARN_BOOL_CONVERSION = YES;
				CLANG_WARN_COMMA = YES;
				CLANG_WARN_CONSTANT_CONVERSION = YES;
				CLANG_WARN_DEPRECATED_OBJC_IMPLEMENTATIONS = YES;
				CLANG_WARN_DIRECT_OBJC_ISA_USAGE = YES_ERROR;
				CLANG_WARN_DOCUMENTATION_COMMENTS = YES;
				CLANG_WARN_EMPTY_BODY = YES;
				CLANG_WARN_ENUM_CONVERSION = YES;
				CLANG_WARN_INFINITE_RECURSION = YES;
				CLANG_WARN_INT_CONVERSION = YES;
				CLANG_WARN_NON_LITERAL_NULL_CONVERSION = YES;
				CLANG_WARN_OBJC_IMPLICIT_RETAIN_SELF = YES;
				CLANG_WARN_OBJC_LITERAL_CONVERSION = YES;
				CLANG_WARN_OBJC_ROOT_CLASS = YES_ERROR;
				CLANG_WARN_QUOTED_INCLUDE_IN_FRAMEWORK_HEADER = YES;
				CLANG_WARN_RANGE_LOOP_ANALYSIS = YES;
				CLANG_WARN_STRICT_PROTOTYPES = YES;
				CLANG_WARN_SUSPICIOUS_MOVE = YES;
				CLANG_WARN_UNGUARDED_AVAILABILITY = YES_AGGRESSIVE;
				CLANG_WARN_UNREACHABLE_CODE = YES;
				CLANG_WARN__DUPLICATE_METHOD_MATCH = YES;
				COPY_PHASE_STRIP = NO;
				DEBUG_INFORMATION_FORMAT = dwarf;
				ENABLE_STRICT_OBJC_MSGSEND = YES;
				ENABLE_TESTABILITY = YES;
				GCC_C_LANGUAGE_STANDARD = gnu11;
				GCC_DYNAMIC_NO_PIC = NO;
				GCC_NO_COMMON_BLOCKS = YES;
				GCC_OPTIMIZATION_LEVEL = 0;
				GCC_PREPROCESSOR_DEFINITIONS = (
					"DEBUG=1",
					"$(inherited)",
				);
				GCC_WARN_64_TO_32_BIT_CONVERSION = YES;
				GCC_WARN_ABOUT_RETURN_TYPE = YES_ERROR;
				GCC_WARN_UNDECLARED_SELECTOR = YES;
				GCC_WARN_UNINITIALIZED_AUTOS = YES_AGGRESSIVE;
				GCC_WARN_UNUSED_FUNCTION = YES;
				GCC_WARN_UNUSED_VARIABLE = YES;
				IPHONEOS_DEPLOYMENT_TARGET = 16.4;
				MTL_ENABLE_DEBUG_INFO = INCLUDE_SOURCE;
				MTL_FAST_MATH = YES;
				ONLY_ACTIVE_ARCH = YES;
				SDKROOT = iphoneos;
				SWIFT_ACTIVE_COMPILATION_CONDITIONS = DEBUG;
				SWIFT_OPTIMIZATION_LEVEL = "-Onone";
			};
			name = Debug;
		};
		23822A482AFBAB16001961C9 /* Release */ = {
			isa = XCBuildConfiguration;
			buildSettings = {
				ALWAYS_SEARCH_USER_PATHS = NO;
				CLANG_ANALYZER_NONNULL = YES;
				CLANG_ANALYZER_NUMBER_OBJECT_CONVERSION = YES_AGGRESSIVE;
				CLANG_CXX_LANGUAGE_STANDARD = "gnu++20";
				CLANG_ENABLE_MODULES = YES;
				CLANG_ENABLE_OBJC_ARC = YES;
				CLANG_ENABLE_OBJC_WEAK = YES;
				CLANG_WARN_BLOCK_CAPTURE_AUTORELEASING = YES;
				CLANG_WARN_BOOL_CONVERSION = YES;
				CLANG_WARN_COMMA = YES;
				CLANG_WARN_CONSTANT_CONVERSION = YES;
				CLANG_WARN_DEPRECATED_OBJC_IMPLEMENTATIONS = YES;
				CLANG_WARN_DIRECT_OBJC_ISA_USAGE = YES_ERROR;
				CLANG_WARN_DOCUMENTATION_COMMENTS = YES;
				CLANG_WARN_EMPTY_BODY = YES;
				CLANG_WARN_ENUM_CONVERSION = YES;
				CLANG_WARN_INFINITE_RECURSION = YES;
				CLANG_WARN_INT_CONVERSION = YES;
				CLANG_WARN_NON_LITERAL_NULL_CONVERSION = YES;
				CLANG_WARN_OBJC_IMPLICIT_RETAIN_SELF = YES;
				CLANG_WARN_OBJC_LITERAL_CONVERSION = YES;
				CLANG_WARN_OBJC_ROOT_CLASS = YES_ERROR;
				CLANG_WARN_QUOTED_INCLUDE_IN_FRAMEWORK_HEADER = YES;
				CLANG_WARN_RANGE_LOOP_ANALYSIS = YES;
				CLANG_WARN_STRICT_PROTOTYPES = YES;
				CLANG_WARN_SUSPICIOUS_MOVE = YES;
				CLANG_WARN_UNGUARDED_AVAILABILITY = YES_AGGRESSIVE;
				CLANG_WARN_UNREACHABLE_CODE = YES;
				CLANG_WARN__DUPLICATE_METHOD_MATCH = YES;
				COPY_PHASE_STRIP = NO;
				DEBUG_INFORMATION_FORMAT = "dwarf-with-dsym";
				ENABLE_NS_ASSERTIONS = NO;
				ENABLE_STRICT_OBJC_MSGSEND = YES;
				GCC_C_LANGUAGE_STANDARD = gnu11;
				GCC_NO_COMMON_BLOCKS = YES;
				GCC_WARN_64_TO_32_BIT_CONVERSION = YES;
				GCC_WARN_ABOUT_RETURN_TYPE = YES_ERROR;
				GCC_WARN_UNDECLARED_SELECTOR = YES;
				GCC_WARN_UNINITIALIZED_AUTOS = YES_AGGRESSIVE;
				GCC_WARN_UNUSED_FUNCTION = YES;
				GCC_WARN_UNUSED_VARIABLE = YES;
				IPHONEOS_DEPLOYMENT_TARGET = 16.4;
				MTL_ENABLE_DEBUG_INFO = NO;
				MTL_FAST_MATH = YES;
				SDKROOT = iphoneos;
				SWIFT_COMPILATION_MODE = wholemodule;
				SWIFT_OPTIMIZATION_LEVEL = "-O";
				VALIDATE_PRODUCT = YES;
			};
			name = Release;
		};
		23822A4A2AFBAB16001961C9 /* Debug */ = {
			isa = XCBuildConfiguration;
			buildSettings = {
				ASSETCATALOG_COMPILER_APPICON_NAME = AppIcon;
				ASSETCATALOG_COMPILER_GLOBAL_ACCENT_COLOR_NAME = AccentColor;
				CODE_SIGN_STYLE = Automatic;
				CURRENT_PROJECT_VERSION = 1;
				DEVELOPMENT_TEAM = 3683BT2T9B;
				GENERATE_INFOPLIST_FILE = YES;
				INFOPLIST_FILE = MoviesListingApp/Info.plist;
				INFOPLIST_KEY_UIApplicationSupportsIndirectInputEvents = YES;
				INFOPLIST_KEY_UILaunchStoryboardName = LaunchScreen;
				INFOPLIST_KEY_UIMainStoryboardFile = Main;
				INFOPLIST_KEY_UISupportedInterfaceOrientations_iPad = "UIInterfaceOrientationPortrait UIInterfaceOrientationPortraitUpsideDown UIInterfaceOrientationLandscapeLeft UIInterfaceOrientationLandscapeRight";
				INFOPLIST_KEY_UISupportedInterfaceOrientations_iPhone = "UIInterfaceOrientationPortrait UIInterfaceOrientationLandscapeLeft UIInterfaceOrientationLandscapeRight";
				LD_RUNPATH_SEARCH_PATHS = (
					"$(inherited)",
					"@executable_path/Frameworks",
				);
				MARKETING_VERSION = 1.0;
				PRODUCT_BUNDLE_IDENTIFIER = chucky.MoviesListingApp;
				PRODUCT_NAME = "$(TARGET_NAME)";
				SWIFT_EMIT_LOC_STRINGS = YES;
				SWIFT_VERSION = 5.0;
				TARGETED_DEVICE_FAMILY = "1,2";
			};
			name = Debug;
		};
		23822A4B2AFBAB16001961C9 /* Release */ = {
			isa = XCBuildConfiguration;
			buildSettings = {
				ASSETCATALOG_COMPILER_APPICON_NAME = AppIcon;
				ASSETCATALOG_COMPILER_GLOBAL_ACCENT_COLOR_NAME = AccentColor;
				CODE_SIGN_STYLE = Automatic;
				CURRENT_PROJECT_VERSION = 1;
				DEVELOPMENT_TEAM = 3683BT2T9B;
				GENERATE_INFOPLIST_FILE = YES;
				INFOPLIST_FILE = MoviesListingApp/Info.plist;
				INFOPLIST_KEY_UIApplicationSupportsIndirectInputEvents = YES;
				INFOPLIST_KEY_UILaunchStoryboardName = LaunchScreen;
				INFOPLIST_KEY_UIMainStoryboardFile = Main;
				INFOPLIST_KEY_UISupportedInterfaceOrientations_iPad = "UIInterfaceOrientationPortrait UIInterfaceOrientationPortraitUpsideDown UIInterfaceOrientationLandscapeLeft UIInterfaceOrientationLandscapeRight";
				INFOPLIST_KEY_UISupportedInterfaceOrientations_iPhone = "UIInterfaceOrientationPortrait UIInterfaceOrientationLandscapeLeft UIInterfaceOrientationLandscapeRight";
				LD_RUNPATH_SEARCH_PATHS = (
					"$(inherited)",
					"@executable_path/Frameworks",
				);
				MARKETING_VERSION = 1.0;
				PRODUCT_BUNDLE_IDENTIFIER = chucky.MoviesListingApp;
				PRODUCT_NAME = "$(TARGET_NAME)";
				SWIFT_EMIT_LOC_STRINGS = YES;
				SWIFT_VERSION = 5.0;
				TARGETED_DEVICE_FAMILY = "1,2";
			};
			name = Release;
		};
		23822A4D2AFBAB16001961C9 /* Debug */ = {
			isa = XCBuildConfiguration;
			buildSettings = {
				ALWAYS_EMBED_SWIFT_STANDARD_LIBRARIES = YES;
				BUNDLE_LOADER = "$(TEST_HOST)";
				CODE_SIGN_STYLE = Automatic;
				CURRENT_PROJECT_VERSION = 1;
				DEVELOPMENT_TEAM = 3683BT2T9B;
				GENERATE_INFOPLIST_FILE = YES;
				IPHONEOS_DEPLOYMENT_TARGET = 16.4;
				MARKETING_VERSION = 1.0;
				PRODUCT_BUNDLE_IDENTIFIER = chucky.MoviesListingAppTests;
				PRODUCT_NAME = "$(TARGET_NAME)";
				SWIFT_EMIT_LOC_STRINGS = NO;
				SWIFT_VERSION = 5.0;
				TARGETED_DEVICE_FAMILY = "1,2";
				TEST_HOST = "$(BUILT_PRODUCTS_DIR)/MoviesListingApp.app/$(BUNDLE_EXECUTABLE_FOLDER_PATH)/MoviesListingApp";
			};
			name = Debug;
		};
		23822A4E2AFBAB16001961C9 /* Release */ = {
			isa = XCBuildConfiguration;
			buildSettings = {
				ALWAYS_EMBED_SWIFT_STANDARD_LIBRARIES = YES;
				BUNDLE_LOADER = "$(TEST_HOST)";
				CODE_SIGN_STYLE = Automatic;
				CURRENT_PROJECT_VERSION = 1;
				DEVELOPMENT_TEAM = 3683BT2T9B;
				GENERATE_INFOPLIST_FILE = YES;
				IPHONEOS_DEPLOYMENT_TARGET = 16.4;
				MARKETING_VERSION = 1.0;
				PRODUCT_BUNDLE_IDENTIFIER = chucky.MoviesListingAppTests;
				PRODUCT_NAME = "$(TARGET_NAME)";
				SWIFT_EMIT_LOC_STRINGS = NO;
				SWIFT_VERSION = 5.0;
				TARGETED_DEVICE_FAMILY = "1,2";
				TEST_HOST = "$(BUILT_PRODUCTS_DIR)/MoviesListingApp.app/$(BUNDLE_EXECUTABLE_FOLDER_PATH)/MoviesListingApp";
			};
			name = Release;
		};
		23822A502AFBAB16001961C9 /* Debug */ = {
			isa = XCBuildConfiguration;
			buildSettings = {
				ALWAYS_EMBED_SWIFT_STANDARD_LIBRARIES = YES;
				CODE_SIGN_STYLE = Automatic;
				CURRENT_PROJECT_VERSION = 1;
				DEVELOPMENT_TEAM = 3683BT2T9B;
				GENERATE_INFOPLIST_FILE = YES;
				MARKETING_VERSION = 1.0;
				PRODUCT_BUNDLE_IDENTIFIER = chucky.MoviesListingAppUITests;
				PRODUCT_NAME = "$(TARGET_NAME)";
				SWIFT_EMIT_LOC_STRINGS = NO;
				SWIFT_VERSION = 5.0;
				TARGETED_DEVICE_FAMILY = "1,2";
				TEST_TARGET_NAME = MoviesListingApp;
			};
			name = Debug;
		};
		23822A512AFBAB16001961C9 /* Release */ = {
			isa = XCBuildConfiguration;
			buildSettings = {
				ALWAYS_EMBED_SWIFT_STANDARD_LIBRARIES = YES;
				CODE_SIGN_STYLE = Automatic;
				CURRENT_PROJECT_VERSION = 1;
				DEVELOPMENT_TEAM = 3683BT2T9B;
				GENERATE_INFOPLIST_FILE = YES;
				MARKETING_VERSION = 1.0;
				PRODUCT_BUNDLE_IDENTIFIER = chucky.MoviesListingAppUITests;
				PRODUCT_NAME = "$(TARGET_NAME)";
				SWIFT_EMIT_LOC_STRINGS = NO;
				SWIFT_VERSION = 5.0;
				TARGETED_DEVICE_FAMILY = "1,2";
				TEST_TARGET_NAME = MoviesListingApp;
			};
			name = Release;
		};
/* End XCBuildConfiguration section */

/* Begin XCConfigurationList section */
		23822A1A2AFBAB15001961C9 /* Build configuration list for PBXProject "MoviesListingApp" */ = {
			isa = XCConfigurationList;
			buildConfigurations = (
				23822A472AFBAB16001961C9 /* Debug */,
				23822A482AFBAB16001961C9 /* Release */,
			);
			defaultConfigurationIsVisible = 0;
			defaultConfigurationName = Release;
		};
		23822A492AFBAB16001961C9 /* Build configuration list for PBXNativeTarget "MoviesListingApp" */ = {
			isa = XCConfigurationList;
			buildConfigurations = (
				23822A4A2AFBAB16001961C9 /* Debug */,
				23822A4B2AFBAB16001961C9 /* Release */,
			);
			defaultConfigurationIsVisible = 0;
			defaultConfigurationName = Release;
		};
		23822A4C2AFBAB16001961C9 /* Build configuration list for PBXNativeTarget "MoviesListingAppTests" */ = {
			isa = XCConfigurationList;
			buildConfigurations = (
				23822A4D2AFBAB16001961C9 /* Debug */,
				23822A4E2AFBAB16001961C9 /* Release */,
			);
			defaultConfigurationIsVisible = 0;
			defaultConfigurationName = Release;
		};
		23822A4F2AFBAB16001961C9 /* Build configuration list for PBXNativeTarget "MoviesListingAppUITests" */ = {
			isa = XCConfigurationList;
			buildConfigurations = (
				23822A502AFBAB16001961C9 /* Debug */,
				23822A512AFBAB16001961C9 /* Release */,
			);
			defaultConfigurationIsVisible = 0;
			defaultConfigurationName = Release;
		};
/* End XCConfigurationList section */
	};
	rootObject = 23822A172AFBAB15001961C9 /* Project object */;
}
